// !$*UTF8*$!
{
	archiveVersion = 1;
	classes = {
	};
	objectVersion = 77;
	objects = {

/* Begin PBXBuildFile section */
		9A0004F82DF34BA900E9C439 /* Documentation.md in Resources */ = {isa = PBXBuildFile; fileRef = 9A0004F52DF34BA900E9C439 /* Documentation.md */; };
		9A0004F92DF34BA900E9C439 /* Design.md in Resources */ = {isa = PBXBuildFile; fileRef = 9A0004F42DF34BA900E9C439 /* Design.md */; };
		9A0004FA2DF34BA900E9C439 /* README.md in Resources */ = {isa = PBXBuildFile; fileRef = 9A0004F62DF34BA900E9C439 /* README.md */; };
/* End PBXBuildFile section */

/* Begin PBXContainerItemProxy section */
		9A0004AE2DF34A3D00E9C439 /* PBXContainerItemProxy */ = {
			isa = PBXContainerItemProxy;
			containerPortal = 9A0004982DF34A3C00E9C439 /* Project object */;
			proxyType = 1;
			remoteGlobalIDString = 9A00049F2DF34A3C00E9C439;
			remoteInfo = znotes;
		};
		9A0004B82DF34A3D00E9C439 /* PBXContainerItemProxy */ = {
			isa = PBXContainerItemProxy;
			containerPortal = 9A0004982DF34A3C00E9C439 /* Project object */;
			proxyType = 1;
			remoteGlobalIDString = 9A00049F2DF34A3C00E9C439;
			remoteInfo = znotes;
		};
/* End PBXContainerItemProxy section */

/* Begin PBXFileReference section */
		9A0004A02DF34A3C00E9C439 /* znotes.app */ = {isa = PBXFileReference; explicitFileType = wrapper.application; includeInIndex = 0; path = znotes.app; sourceTree = BUILT_PRODUCTS_DIR; };
		9A0004AD2DF34A3D00E9C439 /* znotesTests.xctest */ = {isa = PBXFileReference; explicitFileType = wrapper.cfbundle; includeInIndex = 0; path = znotesTests.xctest; sourceTree = BUILT_PRODUCTS_DIR; };
		9A0004B72DF34A3D00E9C439 /* znotesUITests.xctest */ = {isa = PBXFileReference; explicitFileType = wrapper.cfbundle; includeInIndex = 0; path = znotesUITests.xctest; sourceTree = BUILT_PRODUCTS_DIR; };
		9A0004F42DF34BA900E9C439 /* Design.md */ = {isa = PBXFileReference; lastKnownFileType = net.daringfireball.markdown; path = Design.md; sourceTree = "<group>"; };
		9A0004F52DF34BA900E9C439 /* Documentation.md */ = {isa = PBXFileReference; lastKnownFileType = net.daringfireball.markdown; path = Documentation.md; sourceTree = "<group>"; };
		9A0004F62DF34BA900E9C439 /* README.md */ = {isa = PBXFileReference; lastKnownFileType = net.daringfireball.markdown; path = README.md; sourceTree = "<group>"; };
/* End PBXFileReference section */

/* Begin PBXFileSystemSynchronizedRootGroup section */
		9A0004A22DF34A3C00E9C439 /* znotes */ = {
			isa = PBXFileSystemSynchronizedRootGroup;
			path = znotes;
			sourceTree = "<group>";
		};
		9A0004B02DF34A3D00E9C439 /* znotesTests */ = {
			isa = PBXFileSystemSynchronizedRootGroup;
			path = znotesTests;
			sourceTree = "<group>";
		};
		9A0004BA2DF34A3D00E9C439 /* znotesUITests */ = {
			isa = PBXFileSystemSynchronizedRootGroup;
			path = znotesUITests;
			sourceTree = "<group>";
		};
/* End PBXFileSystemSynchronizedRootGroup section */

/* Begin PBXFrameworksBuildPhase section */
		9A00049D2DF34A3C00E9C439 /* Frameworks */ = {
			isa = PBXFrameworksBuildPhase;
			buildActionMask = 2147483647;
			files = (
			);
			runOnlyForDeploymentPostprocessing = 0;
		};
		9A0004AA2DF34A3D00E9C439 /* Frameworks */ = {
			isa = PBXFrameworksBuildPhase;
			buildActionMask = 2147483647;
			files = (
			);
			runOnlyForDeploymentPostprocessing = 0;
		};
		9A0004B42DF34A3D00E9C439 /* Frameworks */ = {
			isa = PBXFrameworksBuildPhase;
			buildActionMask = 2147483647;
			files = (
			);
			runOnlyForDeploymentPostprocessing = 0;
		};
/* End PBXFrameworksBuildPhase section */

/* Begin PBXGroup section */
		9A0004972DF34A3C00E9C439 = {
			isa = PBXGroup;
			children = (
				9A0004A22DF34A3C00E9C439 /* znotes */,
				9A0004B02DF34A3D00E9C439 /* znotesTests */,
				9A0004BA2DF34A3D00E9C439 /* znotesUITests */,
				9A0004A12DF34A3C00E9C439 /* Products */,
				9A0004F72DF34BA900E9C439 /* docs */,
			);
			sourceTree = "<group>";
		};
		9A0004A12DF34A3C00E9C439 /* Products */ = {
			isa = PBXGroup;
			children = (
				9A0004A02DF34A3C00E9C439 /* znotes.app */,
				9A0004AD2DF34A3D00E9C439 /* znotesTests.xctest */,
				9A0004B72DF34A3D00E9C439 /* znotesUITests.xctest */,
			);
			name = Products;
			sourceTree = "<group>";
		};
		9A0004F72DF34BA900E9C439 /* docs */ = {
			isa = PBXGroup;
			children = (
				9A0004F42DF34BA900E9C439 /* Design.md */,
				9A0004F52DF34BA900E9C439 /* Documentation.md */,
				9A0004F62DF34BA900E9C439 /* README.md */,
			);
			path = docs;
			sourceTree = "<group>";
		};
/* End PBXGroup section */

/* Begin PBXNativeTarget section */
		9A00049F2DF34A3C00E9C439 /* znotes */ = {
			isa = PBXNativeTarget;
			buildConfigurationList = 9A0004C12DF34A3D00E9C439 /* Build configuration list for PBXNativeTarget "znotes" */;
			buildPhases = (
				9A00049C2DF34A3C00E9C439 /* Sources */,
				9A00049D2DF34A3C00E9C439 /* Frameworks */,
				9A00049E2DF34A3C00E9C439 /* Resources */,
			);
			buildRules = (
			);
			dependencies = (
			);
			fileSystemSynchronizedGroups = (
				9A0004A22DF34A3C00E9C439 /* znotes */,
			);
			name = znotes;
			packageProductDependencies = (
			);
			productName = znotes;
			productReference = 9A0004A02DF34A3C00E9C439 /* znotes.app */;
			productType = "com.apple.product-type.application";
		};
		9A0004AC2DF34A3D00E9C439 /* znotesTests */ = {
			isa = PBXNativeTarget;
			buildConfigurationList = 9A0004C42DF34A3D00E9C439 /* Build configuration list for PBXNativeTarget "znotesTests" */;
			buildPhases = (
				9A0004A92DF34A3D00E9C439 /* Sources */,
				9A0004AA2DF34A3D00E9C439 /* Frameworks */,
				9A0004AB2DF34A3D00E9C439 /* Resources */,
			);
			buildRules = (
			);
			dependencies = (
				9A0004AF2DF34A3D00E9C439 /* PBXTargetDependency */,
			);
			fileSystemSynchronizedGroups = (
				9A0004B02DF34A3D00E9C439 /* znotesTests */,
			);
			name = znotesTests;
			packageProductDependencies = (
			);
			productName = znotesTests;
			productReference = 9A0004AD2DF34A3D00E9C439 /* znotesTests.xctest */;
			productType = "com.apple.product-type.bundle.unit-test";
		};
		9A0004B62DF34A3D00E9C439 /* znotesUITests */ = {
			isa = PBXNativeTarget;
			buildConfigurationList = 9A0004C72DF34A3D00E9C439 /* Build configuration list for PBXNativeTarget "znotesUITests" */;
			buildPhases = (
				9A0004B32DF34A3D00E9C439 /* Sources */,
				9A0004B42DF34A3D00E9C439 /* Frameworks */,
				9A0004B52DF34A3D00E9C439 /* Resources */,
			);
			buildRules = (
			);
			dependencies = (
				9A0004B92DF34A3D00E9C439 /* PBXTargetDependency */,
			);
			fileSystemSynchronizedGroups = (
				9A0004BA2DF34A3D00E9C439 /* znotesUITests */,
			);
			name = znotesUITests;
			packageProductDependencies = (
			);
			productName = znotesUITests;
			productReference = 9A0004B72DF34A3D00E9C439 /* znotesUITests.xctest */;
			productType = "com.apple.product-type.bundle.ui-testing";
		};
/* End PBXNativeTarget section */

/* Begin PBXProject section */
		9A0004982DF34A3C00E9C439 /* Project object */ = {
			isa = PBXProject;
			attributes = {
				BuildIndependentTargetsInParallel = 1;
				LastSwiftUpdateCheck = 1640;
				LastUpgradeCheck = 1640;
				TargetAttributes = {
					9A00049F2DF34A3C00E9C439 = {
						CreatedOnToolsVersion = 16.4;
					};
					9A0004AC2DF34A3D00E9C439 = {
						CreatedOnToolsVersion = 16.4;
						TestTargetID = 9A00049F2DF34A3C00E9C439;
					};
					9A0004B62DF34A3D00E9C439 = {
						CreatedOnToolsVersion = 16.4;
						TestTargetID = 9A00049F2DF34A3C00E9C439;
					};
				};
			};
			buildConfigurationList = 9A00049B2DF34A3C00E9C439 /* Build configuration list for PBXProject "znotes" */;
			developmentRegion = en;
			hasScannedForEncodings = 0;
			knownRegions = (
				en,
				Base,
			);
			mainGroup = 9A0004972DF34A3C00E9C439;
			minimizedProjectReferenceProxies = 1;
			preferredProjectObjectVersion = 77;
			productRefGroup = 9A0004A12DF34A3C00E9C439 /* Products */;
			projectDirPath = "";
			projectRoot = "";
			targets = (
				9A00049F2DF34A3C00E9C439 /* znotes */,
				9A0004AC2DF34A3D00E9C439 /* znotesTests */,
				9A0004B62DF34A3D00E9C439 /* znotesUITests */,
			);
		};
/* End PBXProject section */

/* Begin PBXResourcesBuildPhase section */
		9A00049E2DF34A3C00E9C439 /* Resources */ = {
			isa = PBXResourcesBuildPhase;
			buildActionMask = 2147483647;
			files = (
				9A0004F82DF34BA900E9C439 /* Documentation.md in Resources */,
				9A0004F92DF34BA900E9C439 /* Design.md in Resources */,
				9A0004FA2DF34BA900E9C439 /* README.md in Resources */,
			);
			runOnlyForDeploymentPostprocessing = 0;
		};
		9A0004AB2DF34A3D00E9C439 /* Resources */ = {
			isa = PBXResourcesBuildPhase;
			buildActionMask = 2147483647;
			files = (
			);
			runOnlyForDeploymentPostprocessing = 0;
		};
		9A0004B52DF34A3D00E9C439 /* Resources */ = {
			isa = PBXResourcesBuildPhase;
			buildActionMask = 2147483647;
			files = (
			);
			runOnlyForDeploymentPostprocessing = 0;
		};
/* End PBXResourcesBuildPhase section */

/* Begin PBXSourcesBuildPhase section */
		9A00049C2DF34A3C00E9C439 /* Sources */ = {
			isa = PBXSourcesBuildPhase;
			buildActionMask = 2147483647;
			files = (
			);
			runOnlyForDeploymentPostprocessing = 0;
		};
		9A0004A92DF34A3D00E9C439 /* Sources */ = {
			isa = PBXSourcesBuildPhase;
			buildActionMask = 2147483647;
			files = (
			);
			runOnlyForDeploymentPostprocessing = 0;
		};
		9A0004B32DF34A3D00E9C439 /* Sources */ = {
			isa = PBXSourcesBuildPhase;
			buildActionMask = 2147483647;
			files = (
			);
			runOnlyForDeploymentPostprocessing = 0;
		};
/* End PBXSourcesBuildPhase section */

/* Begin PBXTargetDependency section */
		9A0004AF2DF34A3D00E9C439 /* PBXTargetDependency */ = {
			isa = PBXTargetDependency;
			target = 9A00049F2DF34A3C00E9C439 /* znotes */;
			targetProxy = 9A0004AE2DF34A3D00E9C439 /* PBXContainerItemProxy */;
		};
		9A0004B92DF34A3D00E9C439 /* PBXTargetDependency */ = {
			isa = PBXTargetDependency;
			target = 9A00049F2DF34A3C00E9C439 /* znotes */;
			targetProxy = 9A0004B82DF34A3D00E9C439 /* PBXContainerItemProxy */;
		};
/* End PBXTargetDependency section */

/* Begin XCBuildConfiguration section */
		9A0004BF2DF34A3D00E9C439 /* Debug */ = {
			isa = XCBuildConfiguration;
			buildSettings = {
				ALWAYS_SEARCH_USER_PATHS = NO;
				ASSETCATALOG_COMPILER_GENERATE_SWIFT_ASSET_SYMBOL_EXTENSIONS = YES;
				CLANG_ANALYZER_NONNULL = YES;
				CLANG_ANALYZER_NUMBER_OBJECT_CONVERSION = YES_AGGRESSIVE;
				CLANG_CXX_LANGUAGE_STANDARD = "gnu++20";
				CLANG_ENABLE_MODULES = YES;
				CLANG_ENABLE_OBJC_ARC = YES;
				CLANG_ENABLE_OBJC_WEAK = YES;
				CLANG_WARN_BLOCK_CAPTURE_AUTORELEASING = YES;
				CLANG_WARN_BOOL_CONVERSION = YES;
				CLANG_WARN_COMMA = YES;
				CLANG_WARN_CONSTANT_CONVERSION = YES;
				CLANG_WARN_DEPRECATED_OBJC_IMPLEMENTATIONS = YES;
				CLANG_WARN_DIRECT_OBJC_ISA_USAGE = YES_ERROR;
				CLANG_WARN_DOCUMENTATION_COMMENTS = YES;
				CLANG_WARN_EMPTY_BODY = YES;
				CLANG_WARN_ENUM_CONVERSION = YES;
				CLANG_WARN_INFINITE_RECURSION = YES;
				CLANG_WARN_INT_CONVERSION = YES;
				CLANG_WARN_NON_LITERAL_NULL_CONVERSION = YES;
				CLANG_WARN_OBJC_IMPLICIT_RETAIN_SELF = YES;
				CLANG_WARN_OBJC_LITERAL_CONVERSION = YES;
				CLANG_WARN_OBJC_ROOT_CLASS = YES_ERROR;
				CLANG_WARN_QUOTED_INCLUDE_IN_FRAMEWORK_HEADER = YES;
				CLANG_WARN_RANGE_LOOP_ANALYSIS = YES;
				CLANG_WARN_STRICT_PROTOTYPES = YES;
				CLANG_WARN_SUSPICIOUS_MOVE = YES;
				CLANG_WARN_UNGUARDED_AVAILABILITY = YES_AGGRESSIVE;
				CLANG_WARN_UNREACHABLE_CODE = YES;
				CLANG_WARN__DUPLICATE_METHOD_MATCH = YES;
				COPY_PHASE_STRIP = NO;
				DEBUG_INFORMATION_FORMAT = dwarf;
				ENABLE_STRICT_OBJC_MSGSEND = YES;
				ENABLE_TESTABILITY = YES;
				ENABLE_USER_SCRIPT_SANDBOXING = YES;
				GCC_C_LANGUAGE_STANDARD = gnu17;
				GCC_DYNAMIC_NO_PIC = NO;
				GCC_NO_COMMON_BLOCKS = YES;
				GCC_OPTIMIZATION_LEVEL = 0;
				GCC_PREPROCESSOR_DEFINITIONS = (
					"DEBUG=1",
					"$(inherited)",
				);
				GCC_WARN_64_TO_32_BIT_CONVERSION = YES;
				GCC_WARN_ABOUT_RETURN_TYPE = YES_ERROR;
				GCC_WARN_UNDECLARED_SELECTOR = YES;
				GCC_WARN_UNINITIALIZED_AUTOS = YES_AGGRESSIVE;
				GCC_WARN_UNUSED_FUNCTION = YES;
				GCC_WARN_UNUSED_VARIABLE = YES;
				IPHONEOS_DEPLOYMENT_TARGET = 18.5;
				LOCALIZATION_PREFERS_STRING_CATALOGS = YES;
				MTL_ENABLE_DEBUG_INFO = INCLUDE_SOURCE;
				MTL_FAST_MATH = YES;
				ONLY_ACTIVE_ARCH = YES;
				SDKROOT = iphoneos;
				SWIFT_ACTIVE_COMPILATION_CONDITIONS = "DEBUG $(inherited)";
				SWIFT_OPTIMIZATION_LEVEL = "-Onone";
			};
			name = Debug;
		};
		9A0004C02DF34A3D00E9C439 /* Release */ = {
			isa = XCBuildConfiguration;
			buildSettings = {
				ALWAYS_SEARCH_USER_PATHS = NO;
				ASSETCATALOG_COMPILER_GENERATE_SWIFT_ASSET_SYMBOL_EXTENSIONS = YES;
				CLANG_ANALYZER_NONNULL = YES;
				CLANG_ANALYZER_NUMBER_OBJECT_CONVERSION = YES_AGGRESSIVE;
				CLANG_CXX_LANGUAGE_STANDARD = "gnu++20";
				CLANG_ENABLE_MODULES = YES;
				CLANG_ENABLE_OBJC_ARC = YES;
				CLANG_ENABLE_OBJC_WEAK = YES;
				CLANG_WARN_BLOCK_CAPTURE_AUTORELEASING = YES;
				CLANG_WARN_BOOL_CONVERSION = YES;
				CLANG_WARN_COMMA = YES;
				CLANG_WARN_CONSTANT_CONVERSION = YES;
				CLANG_WARN_DEPRECATED_OBJC_IMPLEMENTATIONS = YES;
				CLANG_WARN_DIRECT_OBJC_ISA_USAGE = YES_ERROR;
				CLANG_WARN_DOCUMENTATION_COMMENTS = YES;
				CLANG_WARN_EMPTY_BODY = YES;
				CLANG_WARN_ENUM_CONVERSION = YES;
				CLANG_WARN_INFINITE_RECURSION = YES;
				CLANG_WARN_INT_CONVERSION = YES;
				CLANG_WARN_NON_LITERAL_NULL_CONVERSION = YES;
				CLANG_WARN_OBJC_IMPLICIT_RETAIN_SELF = YES;
				CLANG_WARN_OBJC_LITERAL_CONVERSION = YES;
				CLANG_WARN_OBJC_ROOT_CLASS = YES_ERROR;
				CLANG_WARN_QUOTED_INCLUDE_IN_FRAMEWORK_HEADER = YES;
				CLANG_WARN_RANGE_LOOP_ANALYSIS = YES;
				CLANG_WARN_STRICT_PROTOTYPES = YES;
				CLANG_WARN_SUSPICIOUS_MOVE = YES;
				CLANG_WARN_UNGUARDED_AVAILABILITY = YES_AGGRESSIVE;
				CLANG_WARN_UNREACHABLE_CODE = YES;
				CLANG_WARN__DUPLICATE_METHOD_MATCH = YES;
				COPY_PHASE_STRIP = NO;
				DEBUG_INFORMATION_FORMAT = "dwarf-with-dsym";
				ENABLE_NS_ASSERTIONS = NO;
				ENABLE_STRICT_OBJC_MSGSEND = YES;
				ENABLE_USER_SCRIPT_SANDBOXING = YES;
				GCC_C_LANGUAGE_STANDARD = gnu17;
				GCC_NO_COMMON_BLOCKS = YES;
				GCC_WARN_64_TO_32_BIT_CONVERSION = YES;
				GCC_WARN_ABOUT_RETURN_TYPE = YES_ERROR;
				GCC_WARN_UNDECLARED_SELECTOR = YES;
				GCC_WARN_UNINITIALIZED_AUTOS = YES_AGGRESSIVE;
				GCC_WARN_UNUSED_FUNCTION = YES;
				GCC_WARN_UNUSED_VARIABLE = YES;
				IPHONEOS_DEPLOYMENT_TARGET = 18.5;
				LOCALIZATION_PREFERS_STRING_CATALOGS = YES;
				MTL_ENABLE_DEBUG_INFO = NO;
				MTL_FAST_MATH = YES;
				SDKROOT = iphoneos;
				SWIFT_COMPILATION_MODE = wholemodule;
				VALIDATE_PRODUCT = YES;
			};
			name = Release;
		};
		9A0004C22DF34A3D00E9C439 /* Debug */ = {
			isa = XCBuildConfiguration;
			buildSettings = {
				ASSETCATALOG_COMPILER_APPICON_NAME = AppIcon;
				ASSETCATALOG_COMPILER_GLOBAL_ACCENT_COLOR_NAME = AccentColor;
				CODE_SIGN_STYLE = Automatic;
				CURRENT_PROJECT_VERSION = 1;
				DEVELOPMENT_TEAM = 22H5GDTG34;
				ENABLE_PREVIEWS = YES;
				GENERATE_INFOPLIST_FILE = YES;
				INFOPLIST_KEY_UIApplicationSceneManifest_Generation = YES;
				INFOPLIST_KEY_UIApplicationSupportsIndirectInputEvents = YES;
				INFOPLIST_KEY_UILaunchScreen_Generation = YES;
				INFOPLIST_KEY_UISupportedInterfaceOrientations_iPad = "UIInterfaceOrientationPortrait UIInterfaceOrientationPortraitUpsideDown UIInterfaceOrientationLandscapeLeft UIInterfaceOrientationLandscapeRight";
				INFOPLIST_KEY_UISupportedInterfaceOrientations_iPhone = "UIInterfaceOrientationPortrait UIInterfaceOrientationLandscapeLeft UIInterfaceOrientationLandscapeRight";
				LD_RUNPATH_SEARCH_PATHS = (
					"$(inherited)",
					"@executable_path/Frameworks",
				);
				MARKETING_VERSION = 1.0;
				PRODUCT_BUNDLE_IDENTIFIER = zplus.znotes;
				PRODUCT_NAME = "$(TARGET_NAME)";
				SWIFT_EMIT_LOC_STRINGS = YES;
				SWIFT_VERSION = 5.0;
				TARGETED_DEVICE_FAMILY = "1,2";
			};
			name = Debug;
		};
		9A0004C32DF34A3D00E9C439 /* Release */ = {
			isa = XCBuildConfiguration;
			buildSettings = {
				ASSETCATALOG_COMPILER_APPICON_NAME = AppIcon;
				ASSETCATALOG_COMPILER_GLOBAL_ACCENT_COLOR_NAME = AccentColor;
				CODE_SIGN_STYLE = Automatic;
				CURRENT_PROJECT_VERSION = 1;
				DEVELOPMENT_TEAM = 22H5GDTG34;
				ENABLE_PREVIEWS = YES;
				GENERATE_INFOPLIST_FILE = YES;
				INFOPLIST_KEY_UIApplicationSceneManifest_Generation = YES;
				INFOPLIST_KEY_UIApplicationSupportsIndirectInputEvents = YES;
				INFOPLIST_KEY_UILaunchScreen_Generation = YES;
				INFOPLIST_KEY_UISupportedInterfaceOrientations_iPad = "UIInterfaceOrientationPortrait UIInterfaceOrientationPortraitUpsideDown UIInterfaceOrientationLandscapeLeft UIInterfaceOrientationLandscapeRight";
				INFOPLIST_KEY_UISupportedInterfaceOrientations_iPhone = "UIInterfaceOrientationPortrait UIInterfaceOrientationLandscapeLeft UIInterfaceOrientationLandscapeRight";
				LD_RUNPATH_SEARCH_PATHS = (
					"$(inherited)",
					"@executable_path/Frameworks",
				);
				MARKETING_VERSION = 1.0;
				PRODUCT_BUNDLE_IDENTIFIER = zplus.znotes;
				PRODUCT_NAME = "$(TARGET_NAME)";
				SWIFT_EMIT_LOC_STRINGS = YES;
				SWIFT_VERSION = 5.0;
				TARGETED_DEVICE_FAMILY = "1,2";
			};
			name = Release;
		};
		9A0004C52DF34A3D00E9C439 /* Debug */ = {
			isa = XCBuildConfiguration;
			buildSettings = {
				BUNDLE_LOADER = "$(TEST_HOST)";
				CODE_SIGN_STYLE = Automatic;
				CURRENT_PROJECT_VERSION = 1;
				GENERATE_INFOPLIST_FILE = YES;
				IPHONEOS_DEPLOYMENT_TARGET = 18.5;
				MARKETING_VERSION = 1.0;
				PRODUCT_BUNDLE_IDENTIFIER = zplus.znotesTests;
				PRODUCT_NAME = "$(TARGET_NAME)";
				SWIFT_EMIT_LOC_STRINGS = NO;
				SWIFT_VERSION = 5.0;
				TARGETED_DEVICE_FAMILY = "1,2";
				TEST_HOST = "$(BUILT_PRODUCTS_DIR)/znotes.app/$(BUNDLE_EXECUTABLE_FOLDER_PATH)/znotes";
			};
			name = Debug;
		};
		9A0004C62DF34A3D00E9C439 /* Release */ = {
			isa = XCBuildConfiguration;
			buildSettings = {
				BUNDLE_LOADER = "$(TEST_HOST)";
				CODE_SIGN_STYLE = Automatic;
				CURRENT_PROJECT_VERSION = 1;
				GENERATE_INFOPLIST_FILE = YES;
				IPHONEOS_DEPLOYMENT_TARGET = 18.5;
				MARKETING_VERSION = 1.0;
				PRODUCT_BUNDLE_IDENTIFIER = zplus.znotesTests;
				PRODUCT_NAME = "$(TARGET_NAME)";
				SWIFT_EMIT_LOC_STRINGS = NO;
				SWIFT_VERSION = 5.0;
				TARGETED_DEVICE_FAMILY = "1,2";
				TEST_HOST = "$(BUILT_PRODUCTS_DIR)/znotes.app/$(BUNDLE_EXECUTABLE_FOLDER_PATH)/znotes";
			};
			name = Release;
		};
		9A0004C82DF34A3D00E9C439 /* Debug */ = {
			isa = XCBuildConfiguration;
			buildSettings = {
				CODE_SIGN_STYLE = Automatic;
				CURRENT_PROJECT_VERSION = 1;
				GENERATE_INFOPLIST_FILE = YES;
				MARKETING_VERSION = 1.0;
				PRODUCT_BUNDLE_IDENTIFIER = zplus.znotesUITests;
				PRODUCT_NAME = "$(TARGET_NAME)";
				SWIFT_EMIT_LOC_STRINGS = NO;
				SWIFT_VERSION = 5.0;
				TARGETED_DEVICE_FAMILY = "1,2";
				TEST_TARGET_NAME = znotes;
			};
			name = Debug;
		};
		9A0004C92DF34A3D00E9C439 /* Release */ = {
			isa = XCBuildConfiguration;
			buildSettings = {
				CODE_SIGN_STYLE = Automatic;
				CURRENT_PROJECT_VERSION = 1;
				GENERATE_INFOPLIST_FILE = YES;
				MARKETING_VERSION = 1.0;
				PRODUCT_BUNDLE_IDENTIFIER = zplus.znotesUITests;
				PRODUCT_NAME = "$(TARGET_NAME)";
				SWIFT_EMIT_LOC_STRINGS = NO;
				SWIFT_VERSION = 5.0;
				TARGETED_DEVICE_FAMILY = "1,2";
				TEST_TARGET_NAME = znotes;
			};
			name = Release;
		};
/* End XCBuildConfiguration section */

/* Begin XCConfigurationList section */
		9A00049B2DF34A3C00E9C439 /* Build configuration list for PBXProject "znotes" */ = {
			isa = XCConfigurationList;
			buildConfigurations = (
				9A0004BF2DF34A3D00E9C439 /* Debug */,
				9A0004C02DF34A3D00E9C439 /* Release */,
			);
			defaultConfigurationIsVisible = 0;
			defaultConfigurationName = Release;
		};
		9A0004C12DF34A3D00E9C439 /* Build configuration list for PBXNativeTarget "znotes" */ = {
			isa = XCConfigurationList;
			buildConfigurations = (
				9A0004C22DF34A3D00E9C439 /* Debug */,
				9A0004C32DF34A3D00E9C439 /* Release */,
			);
			defaultConfigurationIsVisible = 0;
			defaultConfigurationName = Release;
		};
		9A0004C42DF34A3D00E9C439 /* Build configuration list for PBXNativeTarget "znotesTests" */ = {
			isa = XCConfigurationList;
			buildConfigurations = (
				9A0004C52DF34A3D00E9C439 /* Debug */,
				9A0004C62DF34A3D00E9C439 /* Release */,
			);
			defaultConfigurationIsVisible = 0;
			defaultConfigurationName = Release;
		};
		9A0004C72DF34A3D00E9C439 /* Build configuration list for PBXNativeTarget "znotesUITests" */ = {
			isa = XCConfigurationList;
			buildConfigurations = (
				9A0004C82DF34A3D00E9C439 /* Debug */,
				9A0004C92DF34A3D00E9C439 /* Release */,
			);
			defaultConfigurationIsVisible = 0;
			defaultConfigurationName = Release;
		};
/* End XCConfigurationList section */
	};
	rootObject = 9A0004982DF34A3C00E9C439 /* Project object */;
}
